// !$*UTF8*$!
{
	archiveVersion = 1;
	classes = {
	};
	objectVersion = 46;
	objects = {

/* Begin PBXBuildFile section */
		150BC23F1B3CCE320069FAFE /* AppDelegate.swift in Sources */ = {isa = PBXBuildFile; fileRef = 150BC23E1B3CCE320069FAFE /* AppDelegate.swift */; };
		150BC2441B3CCE320069FAFE /* Main.storyboard in Resources */ = {isa = PBXBuildFile; fileRef = 150BC2421B3CCE320069FAFE /* Main.storyboard */; };
		150BC2461B3CCE320069FAFE /* Images.xcassets in Resources */ = {isa = PBXBuildFile; fileRef = 150BC2451B3CCE320069FAFE /* Images.xcassets */; };
		150BC2491B3CCE320069FAFE /* LaunchScreen.xib in Resources */ = {isa = PBXBuildFile; fileRef = 150BC2471B3CCE320069FAFE /* LaunchScreen.xib */; };
		150BC25F1B3CD6AA0069FAFE /* SettingsViewController.swift in Sources */ = {isa = PBXBuildFile; fileRef = 150BC25E1B3CD6AA0069FAFE /* SettingsViewController.swift */; };
		15C41D8B1B3F763A00633D61 /* Validator.swift in Sources */ = {isa = PBXBuildFile; fileRef = 15C41D8A1B3F763A00633D61 /* Validator.swift */; };
		15C41D8E1B3F772800633D61 /* CompositeValidatorSpec.swift in Sources */ = {isa = PBXBuildFile; fileRef = 15C41D8D1B3F772800633D61 /* CompositeValidatorSpec.swift */; };
		15C41D901B3F773400633D61 /* CompositeValidator.swift in Sources */ = {isa = PBXBuildFile; fileRef = 15C41D8F1B3F773400633D61 /* CompositeValidator.swift */; };
		15C41D921B3F776900633D61 /* FakeValidator.swift in Sources */ = {isa = PBXBuildFile; fileRef = 15C41D911B3F776900633D61 /* FakeValidator.swift */; };
		15C41D931B3F778900633D61 /* Validator.swift in Sources */ = {isa = PBXBuildFile; fileRef = 15C41D8A1B3F763A00633D61 /* Validator.swift */; };
		15C41D941B3F778C00633D61 /* CompositeValidator.swift in Sources */ = {isa = PBXBuildFile; fileRef = 15C41D8F1B3F773400633D61 /* CompositeValidator.swift */; };
		15C41D971B3F79D200633D61 /* EmailFormatValidatorSpec.swift in Sources */ = {isa = PBXBuildFile; fileRef = 15C41D951B3F79D200633D61 /* EmailFormatValidatorSpec.swift */; };
		15C41D981B3F79D200633D61 /* EmptyEmailValidatorSpec.swift in Sources */ = {isa = PBXBuildFile; fileRef = 15C41D961B3F79D200633D61 /* EmptyEmailValidatorSpec.swift */; };
		15C41D9E1B3F79E000633D61 /* EmailFormatValidator.swift in Sources */ = {isa = PBXBuildFile; fileRef = 15C41D9A1B3F79E000633D61 /* EmailFormatValidator.swift */; };
		15C41D9F1B3F79E000633D61 /* EmptyEmailValidator.swift in Sources */ = {isa = PBXBuildFile; fileRef = 15C41D9B1B3F79E000633D61 /* EmptyEmailValidator.swift */; };
		15C41DA21B3F7A0900633D61 /* EmailValidatorError.swift in Sources */ = {isa = PBXBuildFile; fileRef = 15C41DA11B3F7A0900633D61 /* EmailValidatorError.swift */; };
		15C41DA31B3F7B0700633D61 /* EmailFormatValidator.swift in Sources */ = {isa = PBXBuildFile; fileRef = 15C41D9A1B3F79E000633D61 /* EmailFormatValidator.swift */; };
		15C41DA41B3F7B0A00633D61 /* EmptyEmailValidator.swift in Sources */ = {isa = PBXBuildFile; fileRef = 15C41D9B1B3F79E000633D61 /* EmptyEmailValidator.swift */; };
		15C41DA51B3F7B0E00633D61 /* EmailValidatorError.swift in Sources */ = {isa = PBXBuildFile; fileRef = 15C41DA11B3F7A0900633D61 /* EmailValidatorError.swift */; };
		15C41DAB1B405DF700633D61 /* PasswordLengthValidator.swift in Sources */ = {isa = PBXBuildFile; fileRef = 15C41DA91B405DF700633D61 /* PasswordLengthValidator.swift */; };
		15C41DAD1B405E0F00633D61 /* PasswordLengthValidatorSpec.swift in Sources */ = {isa = PBXBuildFile; fileRef = 15C41DAC1B405E0F00633D61 /* PasswordLengthValidatorSpec.swift */; };
		15C41DAF1B405E3000633D61 /* PasswordValidatorError.swift in Sources */ = {isa = PBXBuildFile; fileRef = 15C41DAE1B405E3000633D61 /* PasswordValidatorError.swift */; };
		15C41DB01B405F0E00633D61 /* PasswordLengthValidator.swift in Sources */ = {isa = PBXBuildFile; fileRef = 15C41DA91B405DF700633D61 /* PasswordLengthValidator.swift */; };
		15C41DB11B405F0E00633D61 /* PasswordValidatorError.swift in Sources */ = {isa = PBXBuildFile; fileRef = 15C41DAE1B405E3000633D61 /* PasswordValidatorError.swift */; };
		15C41DB41B405FEF00633D61 /* EmptyPhoneNumberValidatorSpec.swift in Sources */ = {isa = PBXBuildFile; fileRef = 15C41DB21B405FEF00633D61 /* EmptyPhoneNumberValidatorSpec.swift */; };
		15C41DB51B405FEF00633D61 /* PhoneNumberLengthValidatorSpec.swift in Sources */ = {isa = PBXBuildFile; fileRef = 15C41DB31B405FEF00633D61 /* PhoneNumberLengthValidatorSpec.swift */; };
		15C41DBB1B40600100633D61 /* EmptyPhoneNumberValidator.swift in Sources */ = {isa = PBXBuildFile; fileRef = 15C41DB71B40600100633D61 /* EmptyPhoneNumberValidator.swift */; };
		15C41DBD1B40600100633D61 /* PhoneNumberLengthValidator.swift in Sources */ = {isa = PBXBuildFile; fileRef = 15C41DBA1B40600100633D61 /* PhoneNumberLengthValidator.swift */; };
		15C41DBF1B40602600633D61 /* PhoneNumberValidatorError.swift in Sources */ = {isa = PBXBuildFile; fileRef = 15C41DBE1B40602600633D61 /* PhoneNumberValidatorError.swift */; };
		15C41DC01B40615B00633D61 /* EmptyPhoneNumberValidator.swift in Sources */ = {isa = PBXBuildFile; fileRef = 15C41DB71B40600100633D61 /* EmptyPhoneNumberValidator.swift */; };
		15C41DC11B40615B00633D61 /* PhoneNumberLengthValidator.swift in Sources */ = {isa = PBXBuildFile; fileRef = 15C41DBA1B40600100633D61 /* PhoneNumberLengthValidator.swift */; };
		15C41DC21B40615B00633D61 /* PhoneNumberValidatorError.swift in Sources */ = {isa = PBXBuildFile; fileRef = 15C41DBE1B40602600633D61 /* PhoneNumberValidatorError.swift */; };
		15C41DC41B40647C00633D61 /* RegistrationValidator.swift in Sources */ = {isa = PBXBuildFile; fileRef = 15C41DC31B40647C00633D61 /* RegistrationValidator.swift */; };
		15C41DC61B40648F00633D61 /* RegistrationValidatorSpec.swift in Sources */ = {isa = PBXBuildFile; fileRef = 15C41DC51B40648F00633D61 /* RegistrationValidatorSpec.swift */; };
		15C41DC71B4064C200633D61 /* RegistrationValidator.swift in Sources */ = {isa = PBXBuildFile; fileRef = 15C41DC31B40647C00633D61 /* RegistrationValidator.swift */; };
		15E158281B3CE4E8008C68AB /* RegistrationViewController.swift in Sources */ = {isa = PBXBuildFile; fileRef = 15E158271B3CE4E8008C68AB /* RegistrationViewController.swift */; };
		A2729F25266787857F610733 /* Pods.framework in Frameworks */ = {isa = PBXBuildFile; fileRef = 7D6AA74392870D2E05D8D3BC /* Pods.framework */; settings = {ATTRIBUTES = (Weak, ); }; };
/* End PBXBuildFile section */

/* Begin PBXContainerItemProxy section */
		150BC24F1B3CCE320069FAFE /* PBXContainerItemProxy */ = {
			isa = PBXContainerItemProxy;
			containerPortal = 150BC2311B3CCE320069FAFE /* Project object */;
			proxyType = 1;
			remoteGlobalIDString = 150BC2381B3CCE320069FAFE;
			remoteInfo = CompositeValidation;
		};
/* End PBXContainerItemProxy section */

/* Begin PBXFileReference section */
		150BC2391B3CCE320069FAFE /* CompositeValidation.app */ = {isa = PBXFileReference; explicitFileType = wrapper.application; includeInIndex = 0; path = CompositeValidation.app; sourceTree = BUILT_PRODUCTS_DIR; };
		150BC23D1B3CCE320069FAFE /* Info.plist */ = {isa = PBXFileReference; lastKnownFileType = text.plist.xml; path = Info.plist; sourceTree = "<group>"; };
		150BC23E1B3CCE320069FAFE /* AppDelegate.swift */ = {isa = PBXFileReference; lastKnownFileType = sourcecode.swift; path = AppDelegate.swift; sourceTree = "<group>"; };
		150BC2431B3CCE320069FAFE /* Base */ = {isa = PBXFileReference; lastKnownFileType = file.storyboard; name = Base; path = Base.lproj/Main.storyboard; sourceTree = "<group>"; };
		150BC2451B3CCE320069FAFE /* Images.xcassets */ = {isa = PBXFileReference; lastKnownFileType = folder.assetcatalog; path = Images.xcassets; sourceTree = "<group>"; };
		150BC2481B3CCE320069FAFE /* Base */ = {isa = PBXFileReference; lastKnownFileType = file.xib; name = Base; path = Base.lproj/LaunchScreen.xib; sourceTree = "<group>"; };
		150BC24E1B3CCE320069FAFE /* CompositeValidationTests.xctest */ = {isa = PBXFileReference; explicitFileType = wrapper.cfbundle; includeInIndex = 0; path = CompositeValidationTests.xctest; sourceTree = BUILT_PRODUCTS_DIR; };
		150BC2531B3CCE320069FAFE /* Info.plist */ = {isa = PBXFileReference; lastKnownFileType = text.plist.xml; path = Info.plist; sourceTree = "<group>"; };
		150BC25E1B3CD6AA0069FAFE /* SettingsViewController.swift */ = {isa = PBXFileReference; fileEncoding = 4; lastKnownFileType = sourcecode.swift; path = SettingsViewController.swift; sourceTree = "<group>"; };
		15C41D8A1B3F763A00633D61 /* Validator.swift */ = {isa = PBXFileReference; fileEncoding = 4; lastKnownFileType = sourcecode.swift; path = Validator.swift; sourceTree = "<group>"; };
		15C41D8D1B3F772800633D61 /* CompositeValidatorSpec.swift */ = {isa = PBXFileReference; fileEncoding = 4; lastKnownFileType = sourcecode.swift; path = CompositeValidatorSpec.swift; sourceTree = "<group>"; };
		15C41D8F1B3F773400633D61 /* CompositeValidator.swift */ = {isa = PBXFileReference; fileEncoding = 4; lastKnownFileType = sourcecode.swift; path = CompositeValidator.swift; sourceTree = "<group>"; };
		15C41D911B3F776900633D61 /* FakeValidator.swift */ = {isa = PBXFileReference; fileEncoding = 4; lastKnownFileType = sourcecode.swift; path = FakeValidator.swift; sourceTree = "<group>"; };
		15C41D951B3F79D200633D61 /* EmailFormatValidatorSpec.swift */ = {isa = PBXFileReference; fileEncoding = 4; lastKnownFileType = sourcecode.swift; path = EmailFormatValidatorSpec.swift; sourceTree = "<group>"; };
		15C41D961B3F79D200633D61 /* EmptyEmailValidatorSpec.swift */ = {isa = PBXFileReference; fileEncoding = 4; lastKnownFileType = sourcecode.swift; path = EmptyEmailValidatorSpec.swift; sourceTree = "<group>"; };
		15C41D9A1B3F79E000633D61 /* EmailFormatValidator.swift */ = {isa = PBXFileReference; fileEncoding = 4; lastKnownFileType = sourcecode.swift; path = EmailFormatValidator.swift; sourceTree = "<group>"; };
		15C41D9B1B3F79E000633D61 /* EmptyEmailValidator.swift */ = {isa = PBXFileReference; fileEncoding = 4; lastKnownFileType = sourcecode.swift; path = EmptyEmailValidator.swift; sourceTree = "<group>"; };
		15C41DA11B3F7A0900633D61 /* EmailValidatorError.swift */ = {isa = PBXFileReference; fileEncoding = 4; lastKnownFileType = sourcecode.swift; path = EmailValidatorError.swift; sourceTree = "<group>"; };
		15C41DA91B405DF700633D61 /* PasswordLengthValidator.swift */ = {isa = PBXFileReference; fileEncoding = 4; lastKnownFileType = sourcecode.swift; path = PasswordLengthValidator.swift; sourceTree = "<group>"; };
		15C41DAC1B405E0F00633D61 /* PasswordLengthValidatorSpec.swift */ = {isa = PBXFileReference; fileEncoding = 4; lastKnownFileType = sourcecode.swift; name = PasswordLengthValidatorSpec.swift; path = ../../../../../Desktop/ValidatorsTests/PasswordLengthValidatorSpec.swift; sourceTree = "<group>"; };
		15C41DAE1B405E3000633D61 /* PasswordValidatorError.swift */ = {isa = PBXFileReference; fileEncoding = 4; lastKnownFileType = sourcecode.swift; path = PasswordValidatorError.swift; sourceTree = "<group>"; };
		15C41DB21B405FEF00633D61 /* EmptyPhoneNumberValidatorSpec.swift */ = {isa = PBXFileReference; fileEncoding = 4; lastKnownFileType = sourcecode.swift; path = EmptyPhoneNumberValidatorSpec.swift; sourceTree = "<group>"; };
		15C41DB31B405FEF00633D61 /* PhoneNumberLengthValidatorSpec.swift */ = {isa = PBXFileReference; fileEncoding = 4; lastKnownFileType = sourcecode.swift; path = PhoneNumberLengthValidatorSpec.swift; sourceTree = "<group>"; };
		15C41DB71B40600100633D61 /* EmptyPhoneNumberValidator.swift */ = {isa = PBXFileReference; fileEncoding = 4; lastKnownFileType = sourcecode.swift; path = EmptyPhoneNumberValidator.swift; sourceTree = "<group>"; };
		15C41DBA1B40600100633D61 /* PhoneNumberLengthValidator.swift */ = {isa = PBXFileReference; fileEncoding = 4; lastKnownFileType = sourcecode.swift; path = PhoneNumberLengthValidator.swift; sourceTree = "<group>"; };
		15C41DBE1B40602600633D61 /* PhoneNumberValidatorError.swift */ = {isa = PBXFileReference; fileEncoding = 4; lastKnownFileType = sourcecode.swift; path = PhoneNumberValidatorError.swift; sourceTree = "<group>"; };
		15C41DC31B40647C00633D61 /* RegistrationValidator.swift */ = {isa = PBXFileReference; fileEncoding = 4; lastKnownFileType = sourcecode.swift; path = RegistrationValidator.swift; sourceTree = "<group>"; };
		15C41DC51B40648F00633D61 /* RegistrationValidatorSpec.swift */ = {isa = PBXFileReference; fileEncoding = 4; lastKnownFileType = sourcecode.swift; path = RegistrationValidatorSpec.swift; sourceTree = "<group>"; };
		15E158271B3CE4E8008C68AB /* RegistrationViewController.swift */ = {isa = PBXFileReference; fileEncoding = 4; lastKnownFileType = sourcecode.swift; path = RegistrationViewController.swift; sourceTree = "<group>"; };
		635850C327DB8E1B1CF73FBA /* Pods.release.xcconfig */ = {isa = PBXFileReference; includeInIndex = 1; lastKnownFileType = text.xcconfig; name = Pods.release.xcconfig; path = "Pods/Target Support Files/Pods/Pods.release.xcconfig"; sourceTree = "<group>"; };
		7D6AA74392870D2E05D8D3BC /* Pods.framework */ = {isa = PBXFileReference; explicitFileType = wrapper.framework; includeInIndex = 0; path = Pods.framework; sourceTree = BUILT_PRODUCTS_DIR; };
		DD3859271EC7AA1D0307161B /* Pods.debug.xcconfig */ = {isa = PBXFileReference; includeInIndex = 1; lastKnownFileType = text.xcconfig; name = Pods.debug.xcconfig; path = "Pods/Target Support Files/Pods/Pods.debug.xcconfig"; sourceTree = "<group>"; };
/* End PBXFileReference section */

/* Begin PBXFrameworksBuildPhase section */
		150BC2361B3CCE320069FAFE /* Frameworks */ = {
			isa = PBXFrameworksBuildPhase;
			buildActionMask = 2147483647;
			files = (
			);
			runOnlyForDeploymentPostprocessing = 0;
		};
		150BC24B1B3CCE320069FAFE /* Frameworks */ = {
			isa = PBXFrameworksBuildPhase;
			buildActionMask = 2147483647;
			files = (
				A2729F25266787857F610733 /* Pods.framework in Frameworks */,
			);
			runOnlyForDeploymentPostprocessing = 0;
		};
/* End PBXFrameworksBuildPhase section */

/* Begin PBXGroup section */
		0A506F4DE21A9D4724276F9B /* Frameworks */ = {
			isa = PBXGroup;
			children = (
				7D6AA74392870D2E05D8D3BC /* Pods.framework */,
			);
			name = Frameworks;
			sourceTree = "<group>";
		};
		150BC2301B3CCE320069FAFE = {
			isa = PBXGroup;
			children = (
				150BC23B1B3CCE320069FAFE /* CompositeValidation */,
				150BC2511B3CCE320069FAFE /* CompositeValidationTests */,
				150BC23A1B3CCE320069FAFE /* Products */,
				C3B9A2BF17DF90AE046D2B57 /* Pods */,
				0A506F4DE21A9D4724276F9B /* Frameworks */,
			);
			sourceTree = "<group>";
		};
		150BC23A1B3CCE320069FAFE /* Products */ = {
			isa = PBXGroup;
			children = (
				150BC2391B3CCE320069FAFE /* CompositeValidation.app */,
				150BC24E1B3CCE320069FAFE /* CompositeValidationTests.xctest */,
			);
			name = Products;
			sourceTree = "<group>";
		};
		150BC23B1B3CCE320069FAFE /* CompositeValidation */ = {
			isa = PBXGroup;
			children = (
				150BC23E1B3CCE320069FAFE /* AppDelegate.swift */,
				15E158271B3CE4E8008C68AB /* RegistrationViewController.swift */,
				150BC25E1B3CD6AA0069FAFE /* SettingsViewController.swift */,
				150BC2421B3CCE320069FAFE /* Main.storyboard */,
				150BC2451B3CCE320069FAFE /* Images.xcassets */,
				150BC2471B3CCE320069FAFE /* LaunchScreen.xib */,
				15C41D891B3F763A00633D61 /* Validators */,
				150BC23C1B3CCE320069FAFE /* Supporting Files */,
			);
			path = CompositeValidation;
			sourceTree = "<group>";
		};
		150BC23C1B3CCE320069FAFE /* Supporting Files */ = {
			isa = PBXGroup;
			children = (
				150BC23D1B3CCE320069FAFE /* Info.plist */,
			);
			name = "Supporting Files";
			sourceTree = "<group>";
		};
		150BC2511B3CCE320069FAFE /* CompositeValidationTests */ = {
			isa = PBXGroup;
			children = (
				15C41D8C1B3F772800633D61 /* Validators */,
				150BC2521B3CCE320069FAFE /* Supporting Files */,
			);
			path = CompositeValidationTests;
			sourceTree = "<group>";
		};
		150BC2521B3CCE320069FAFE /* Supporting Files */ = {
			isa = PBXGroup;
			children = (
				150BC2531B3CCE320069FAFE /* Info.plist */,
			);
			name = "Supporting Files";
			sourceTree = "<group>";
		};
		15C41D891B3F763A00633D61 /* Validators */ = {
			isa = PBXGroup;
			children = (
				15C41D8A1B3F763A00633D61 /* Validator.swift */,
				15C41D8F1B3F773400633D61 /* CompositeValidator.swift */,
				15C41DC31B40647C00633D61 /* RegistrationValidator.swift */,
				15C41D991B3F79E000633D61 /* EmailValidator */,
				15C41DA61B405DF700633D61 /* PasswordValidator */,
				15C41DB61B40600100633D61 /* PhoneNumberValidator */,
			);
			path = Validators;
			sourceTree = "<group>";
		};
		15C41D8C1B3F772800633D61 /* Validators */ = {
			isa = PBXGroup;
			children = (
				15C41D8D1B3F772800633D61 /* CompositeValidatorSpec.swift */,
				15C41D911B3F776900633D61 /* FakeValidator.swift */,
				15C41D951B3F79D200633D61 /* EmailFormatValidatorSpec.swift */,
				15C41D961B3F79D200633D61 /* EmptyEmailValidatorSpec.swift */,
				15C41DAC1B405E0F00633D61 /* PasswordLengthValidatorSpec.swift */,
				15C41DB21B405FEF00633D61 /* EmptyPhoneNumberValidatorSpec.swift */,
				15C41DB31B405FEF00633D61 /* PhoneNumberLengthValidatorSpec.swift */,
				15C41DC51B40648F00633D61 /* RegistrationValidatorSpec.swift */,
			);
			path = Validators;
			sourceTree = "<group>";
		};
		15C41D991B3F79E000633D61 /* EmailValidator */ = {
			isa = PBXGroup;
			children = (
				15C41D9A1B3F79E000633D61 /* EmailFormatValidator.swift */,
				15C41D9B1B3F79E000633D61 /* EmptyEmailValidator.swift */,
				15C41DA11B3F7A0900633D61 /* EmailValidatorError.swift */,
			);
			path = EmailValidator;
			sourceTree = "<group>";
		};
		15C41DA61B405DF700633D61 /* PasswordValidator */ = {
			isa = PBXGroup;
			children = (
				15C41DA91B405DF700633D61 /* PasswordLengthValidator.swift */,
				15C41DAE1B405E3000633D61 /* PasswordValidatorError.swift */,
			);
			path = PasswordValidator;
			sourceTree = "<group>";
		};
		15C41DB61B40600100633D61 /* PhoneNumberValidator */ = {
			isa = PBXGroup;
			children = (
				15C41DB71B40600100633D61 /* EmptyPhoneNumberValidator.swift */,
				15C41DBA1B40600100633D61 /* PhoneNumberLengthValidator.swift */,
				15C41DBE1B40602600633D61 /* PhoneNumberValidatorError.swift */,
			);
			path = PhoneNumberValidator;
			sourceTree = "<group>";
		};
		C3B9A2BF17DF90AE046D2B57 /* Pods */ = {
			isa = PBXGroup;
			children = (
				DD3859271EC7AA1D0307161B /* Pods.debug.xcconfig */,
				635850C327DB8E1B1CF73FBA /* Pods.release.xcconfig */,
			);
			name = Pods;
			sourceTree = "<group>";
		};
/* End PBXGroup section */

/* Begin PBXNativeTarget section */
		150BC2381B3CCE320069FAFE /* CompositeValidation */ = {
			isa = PBXNativeTarget;
			buildConfigurationList = 150BC2581B3CCE320069FAFE /* Build configuration list for PBXNativeTarget "CompositeValidation" */;
			buildPhases = (
				150BC2351B3CCE320069FAFE /* Sources */,
				150BC2361B3CCE320069FAFE /* Frameworks */,
				150BC2371B3CCE320069FAFE /* Resources */,
			);
			buildRules = (
			);
			dependencies = (
			);
			name = CompositeValidation;
			productName = CompositeValidation;
			productReference = 150BC2391B3CCE320069FAFE /* CompositeValidation.app */;
			productType = "com.apple.product-type.application";
		};
		150BC24D1B3CCE320069FAFE /* CompositeValidationTests */ = {
			isa = PBXNativeTarget;
			buildConfigurationList = 150BC25B1B3CCE320069FAFE /* Build configuration list for PBXNativeTarget "CompositeValidationTests" */;
			buildPhases = (
				76F24687A3A5993DA071CB50 /* Check Pods Manifest.lock */,
				150BC24A1B3CCE320069FAFE /* Sources */,
				150BC24B1B3CCE320069FAFE /* Frameworks */,
				150BC24C1B3CCE320069FAFE /* Resources */,
				17429B91EB3590CACA85E4A7 /* Embed Pods Frameworks */,
				F8A91790057F0419DA893D44 /* Copy Pods Resources */,
			);
			buildRules = (
			);
			dependencies = (
				150BC2501B3CCE320069FAFE /* PBXTargetDependency */,
			);
			name = CompositeValidationTests;
			productName = CompositeValidationTests;
			productReference = 150BC24E1B3CCE320069FAFE /* CompositeValidationTests.xctest */;
			productType = "com.apple.product-type.bundle.unit-test";
		};
/* End PBXNativeTarget section */

/* Begin PBXProject section */
		150BC2311B3CCE320069FAFE /* Project object */ = {
			isa = PBXProject;
			attributes = {
				LastUpgradeCheck = 0630;
				ORGANIZATIONNAME = "Pawan Poudel";
				TargetAttributes = {
					150BC2381B3CCE320069FAFE = {
						CreatedOnToolsVersion = 6.3.2;
					};
					150BC24D1B3CCE320069FAFE = {
						CreatedOnToolsVersion = 6.3.2;
						TestTargetID = 150BC2381B3CCE320069FAFE;
					};
				};
			};
			buildConfigurationList = 150BC2341B3CCE320069FAFE /* Build configuration list for PBXProject "CompositeValidation" */;
			compatibilityVersion = "Xcode 3.2";
			developmentRegion = English;
			hasScannedForEncodings = 0;
			knownRegions = (
				en,
				Base,
			);
			mainGroup = 150BC2301B3CCE320069FAFE;
			productRefGroup = 150BC23A1B3CCE320069FAFE /* Products */;
			projectDirPath = "";
			projectRoot = "";
			targets = (
				150BC2381B3CCE320069FAFE /* CompositeValidation */,
				150BC24D1B3CCE320069FAFE /* CompositeValidationTests */,
			);
		};
/* End PBXProject section */

/* Begin PBXResourcesBuildPhase section */
		150BC2371B3CCE320069FAFE /* Resources */ = {
			isa = PBXResourcesBuildPhase;
			buildActionMask = 2147483647;
			files = (
				150BC2441B3CCE320069FAFE /* Main.storyboard in Resources */,
				150BC2491B3CCE320069FAFE /* LaunchScreen.xib in Resources */,
				150BC2461B3CCE320069FAFE /* Images.xcassets in Resources */,
			);
			runOnlyForDeploymentPostprocessing = 0;
		};
		150BC24C1B3CCE320069FAFE /* Resources */ = {
			isa = PBXResourcesBuildPhase;
			buildActionMask = 2147483647;
			files = (
			);
			runOnlyForDeploymentPostprocessing = 0;
		};
/* End PBXResourcesBuildPhase section */

/* Begin PBXShellScriptBuildPhase section */
		17429B91EB3590CACA85E4A7 /* Embed Pods Frameworks */ = {
			isa = PBXShellScriptBuildPhase;
			buildActionMask = 2147483647;
			files = (
			);
			inputPaths = (
			);
			name = "Embed Pods Frameworks";
			outputPaths = (
			);
			runOnlyForDeploymentPostprocessing = 0;
			shellPath = /bin/sh;
			shellScript = "\"${SRCROOT}/Pods/Target Support Files/Pods/Pods-frameworks.sh\"\n";
			showEnvVarsInLog = 0;
		};
		76F24687A3A5993DA071CB50 /* Check Pods Manifest.lock */ = {
			isa = PBXShellScriptBuildPhase;
			buildActionMask = 2147483647;
			files = (
			);
			inputPaths = (
			);
			name = "Check Pods Manifest.lock";
			outputPaths = (
			);
			runOnlyForDeploymentPostprocessing = 0;
			shellPath = /bin/sh;
			shellScript = "diff \"${PODS_ROOT}/../Podfile.lock\" \"${PODS_ROOT}/Manifest.lock\" > /dev/null\nif [[ $? != 0 ]] ; then\n    cat << EOM\nerror: The sandbox is not in sync with the Podfile.lock. Run 'pod install' or update your CocoaPods installation.\nEOM\n    exit 1\nfi\n";
			showEnvVarsInLog = 0;
		};
		F8A91790057F0419DA893D44 /* Copy Pods Resources */ = {
			isa = PBXShellScriptBuildPhase;
			buildActionMask = 2147483647;
			files = (
			);
			inputPaths = (
			);
			name = "Copy Pods Resources";
			outputPaths = (
			);
			runOnlyForDeploymentPostprocessing = 0;
			shellPath = /bin/sh;
			shellScript = "\"${SRCROOT}/Pods/Target Support Files/Pods/Pods-resources.sh\"\n";
			showEnvVarsInLog = 0;
		};
/* End PBXShellScriptBuildPhase section */

/* Begin PBXSourcesBuildPhase section */
		150BC2351B3CCE320069FAFE /* Sources */ = {
			isa = PBXSourcesBuildPhase;
			buildActionMask = 2147483647;
			files = (
				15C41DBB1B40600100633D61 /* EmptyPhoneNumberValidator.swift in Sources */,
				15C41D901B3F773400633D61 /* CompositeValidator.swift in Sources */,
				15C41D8B1B3F763A00633D61 /* Validator.swift in Sources */,
				15C41DC41B40647C00633D61 /* RegistrationValidator.swift in Sources */,
				15C41DBF1B40602600633D61 /* PhoneNumberValidatorError.swift in Sources */,
				15E158281B3CE4E8008C68AB /* RegistrationViewController.swift in Sources */,
				15C41DA21B3F7A0900633D61 /* EmailValidatorError.swift in Sources */,
				15C41DAF1B405E3000633D61 /* PasswordValidatorError.swift in Sources */,
				15C41D9F1B3F79E000633D61 /* EmptyEmailValidator.swift in Sources */,
				15C41DAB1B405DF700633D61 /* PasswordLengthValidator.swift in Sources */,
				150BC23F1B3CCE320069FAFE /* AppDelegate.swift in Sources */,
				15C41D9E1B3F79E000633D61 /* EmailFormatValidator.swift in Sources */,
				15C41DBD1B40600100633D61 /* PhoneNumberLengthValidator.swift in Sources */,
				150BC25F1B3CD6AA0069FAFE /* SettingsViewController.swift in Sources */,
			);
			runOnlyForDeploymentPostprocessing = 0;
		};
		150BC24A1B3CCE320069FAFE /* Sources */ = {
			isa = PBXSourcesBuildPhase;
			buildActionMask = 2147483647;
			files = (
				15C41DAD1B405E0F00633D61 /* PasswordLengthValidatorSpec.swift in Sources */,
				15C41DB51B405FEF00633D61 /* PhoneNumberLengthValidatorSpec.swift in Sources */,
				15C41DB01B405F0E00633D61 /* PasswordLengthValidator.swift in Sources */,
				15C41DB41B405FEF00633D61 /* EmptyPhoneNumberValidatorSpec.swift in Sources */,
				15C41DB11B405F0E00633D61 /* PasswordValidatorError.swift in Sources */,
				15C41DC71B4064C200633D61 /* RegistrationValidator.swift in Sources */,
				15C41DC21B40615B00633D61 /* PhoneNumberValidatorError.swift in Sources */,
				15C41D971B3F79D200633D61 /* EmailFormatValidatorSpec.swift in Sources */,
				15C41DA41B3F7B0A00633D61 /* EmptyEmailValidator.swift in Sources */,
				15C41DC61B40648F00633D61 /* RegistrationValidatorSpec.swift in Sources */,
				15C41D941B3F778C00633D61 /* CompositeValidator.swift in Sources */,
				15C41DC01B40615B00633D61 /* EmptyPhoneNumberValidator.swift in Sources */,
				15C41D981B3F79D200633D61 /* EmptyEmailValidatorSpec.swift in Sources */,
				15C41DA51B3F7B0E00633D61 /* EmailValidatorError.swift in Sources */,
				15C41DA31B3F7B0700633D61 /* EmailFormatValidator.swift in Sources */,
				15C41DC11B40615B00633D61 /* PhoneNumberLengthValidator.swift in Sources */,
				15C41D8E1B3F772800633D61 /* CompositeValidatorSpec.swift in Sources */,
				15C41D931B3F778900633D61 /* Validator.swift in Sources */,
				15C41D921B3F776900633D61 /* FakeValidator.swift in Sources */,
			);
			runOnlyForDeploymentPostprocessing = 0;
		};
/* End PBXSourcesBuildPhase section */

/* Begin PBXTargetDependency section */
		150BC2501B3CCE320069FAFE /* PBXTargetDependency */ = {
			isa = PBXTargetDependency;
			target = 150BC2381B3CCE320069FAFE /* CompositeValidation */;
			targetProxy = 150BC24F1B3CCE320069FAFE /* PBXContainerItemProxy */;
		};
/* End PBXTargetDependency section */

/* Begin PBXVariantGroup section */
		150BC2421B3CCE320069FAFE /* Main.storyboard */ = {
			isa = PBXVariantGroup;
			children = (
				150BC2431B3CCE320069FAFE /* Base */,
			);
			name = Main.storyboard;
			sourceTree = "<group>";
		};
		150BC2471B3CCE320069FAFE /* LaunchScreen.xib */ = {
			isa = PBXVariantGroup;
			children = (
				150BC2481B3CCE320069FAFE /* Base */,
			);
			name = LaunchScreen.xib;
			sourceTree = "<group>";
		};
/* End PBXVariantGroup section */

/* Begin XCBuildConfiguration section */
		150BC2561B3CCE320069FAFE /* Debug */ = {
			isa = XCBuildConfiguration;
			buildSettings = {
				ALWAYS_SEARCH_USER_PATHS = NO;
				CLANG_CXX_LANGUAGE_STANDARD = "gnu++0x";
				CLANG_CXX_LIBRARY = "libc++";
				CLANG_ENABLE_MODULES = YES;
				CLANG_ENABLE_OBJC_ARC = YES;
				CLANG_WARN_BOOL_CONVERSION = YES;
				CLANG_WARN_CONSTANT_CONVERSION = YES;
				CLANG_WARN_DIRECT_OBJC_ISA_USAGE = YES_ERROR;
				CLANG_WARN_EMPTY_BODY = YES;
				CLANG_WARN_ENUM_CONVERSION = YES;
				CLANG_WARN_INT_CONVERSION = YES;
				CLANG_WARN_OBJC_ROOT_CLASS = YES_ERROR;
				CLANG_WARN_UNREACHABLE_CODE = YES;
				CLANG_WARN__DUPLICATE_METHOD_MATCH = YES;
				"CODE_SIGN_IDENTITY[sdk=iphoneos*]" = "iPhone Developer";
				COPY_PHASE_STRIP = NO;
				DEBUG_INFORMATION_FORMAT = "dwarf-with-dsym";
				ENABLE_STRICT_OBJC_MSGSEND = YES;
				GCC_C_LANGUAGE_STANDARD = gnu99;
				GCC_DYNAMIC_NO_PIC = NO;
				GCC_NO_COMMON_BLOCKS = YES;
				GCC_OPTIMIZATION_LEVEL = 0;
				GCC_PREPROCESSOR_DEFINITIONS = (
					"DEBUG=1",
					"$(inherited)",
				);
				GCC_SYMBOLS_PRIVATE_EXTERN = NO;
				GCC_WARN_64_TO_32_BIT_CONVERSION = YES;
				GCC_WARN_ABOUT_RETURN_TYPE = YES_ERROR;
				GCC_WARN_UNDECLARED_SELECTOR = YES;
				GCC_WARN_UNINITIALIZED_AUTOS = YES_AGGRESSIVE;
				GCC_WARN_UNUSED_FUNCTION = YES;
				GCC_WARN_UNUSED_VARIABLE = YES;
				IPHONEOS_DEPLOYMENT_TARGET = 8.3;
				MTL_ENABLE_DEBUG_INFO = YES;
				ONLY_ACTIVE_ARCH = YES;
				SDKROOT = iphoneos;
				SWIFT_OPTIMIZATION_LEVEL = "-Onone";
			};
			name = Debug;
		};
		150BC2571B3CCE320069FAFE /* Release */ = {
			isa = XCBuildConfiguration;
			buildSettings = {
				ALWAYS_SEARCH_USER_PATHS = NO;
				CLANG_CXX_LANGUAGE_STANDARD = "gnu++0x";
				CLANG_CXX_LIBRARY = "libc++";
				CLANG_ENABLE_MODULES = YES;
				CLANG_ENABLE_OBJC_ARC = YES;
				CLANG_WARN_BOOL_CONVERSION = YES;
				CLANG_WARN_CONSTANT_CONVERSION = YES;
				CLANG_WARN_DIRECT_OBJC_ISA_USAGE = YES_ERROR;
				CLANG_WARN_EMPTY_BODY = YES;
				CLANG_WARN_ENUM_CONVERSION = YES;
				CLANG_WARN_INT_CONVERSION = YES;
				CLANG_WARN_OBJC_ROOT_CLASS = YES_ERROR;
				CLANG_WARN_UNREACHABLE_CODE = YES;
				CLANG_WARN__DUPLICATE_METHOD_MATCH = YES;
				"CODE_SIGN_IDENTITY[sdk=iphoneos*]" = "iPhone Developer";
				COPY_PHASE_STRIP = NO;
				DEBUG_INFORMATION_FORMAT = "dwarf-with-dsym";
				ENABLE_NS_ASSERTIONS = NO;
				ENABLE_STRICT_OBJC_MSGSEND = YES;
				GCC_C_LANGUAGE_STANDARD = gnu99;
				GCC_NO_COMMON_BLOCKS = YES;
				GCC_WARN_64_TO_32_BIT_CONVERSION = YES;
				GCC_WARN_ABOUT_RETURN_TYPE = YES_ERROR;
				GCC_WARN_UNDECLARED_SELECTOR = YES;
				GCC_WARN_UNINITIALIZED_AUTOS = YES_AGGRESSIVE;
				GCC_WARN_UNUSED_FUNCTION = YES;
				GCC_WARN_UNUSED_VARIABLE = YES;
				IPHONEOS_DEPLOYMENT_TARGET = 8.3;
				MTL_ENABLE_DEBUG_INFO = NO;
				SDKROOT = iphoneos;
				VALIDATE_PRODUCT = YES;
			};
			name = Release;
		};
		150BC2591B3CCE320069FAFE /* Debug */ = {
			isa = XCBuildConfiguration;
			buildSettings = {
				ASSETCATALOG_COMPILER_APPICON_NAME = AppIcon;
				INFOPLIST_FILE = CompositeValidation/Info.plist;
				LD_RUNPATH_SEARCH_PATHS = "$(inherited) @executable_path/Frameworks";
				PRODUCT_NAME = "$(TARGET_NAME)";
			};
			name = Debug;
		};
		150BC25A1B3CCE320069FAFE /* Release */ = {
			isa = XCBuildConfiguration;
			buildSettings = {
				ASSETCATALOG_COMPILER_APPICON_NAME = AppIcon;
				INFOPLIST_FILE = CompositeValidation/Info.plist;
				LD_RUNPATH_SEARCH_PATHS = "$(inherited) @executable_path/Frameworks";
				PRODUCT_NAME = "$(TARGET_NAME)";
			};
			name = Release;
		};
		150BC25C1B3CCE320069FAFE /* Debug */ = {
			isa = XCBuildConfiguration;
			baseConfigurationReference = DD3859271EC7AA1D0307161B /* Pods.debug.xcconfig */;
			buildSettings = {
				BUNDLE_LOADER = "$(TEST_HOST)";
				FRAMEWORK_SEARCH_PATHS = (
					"$(SDKROOT)/Developer/Library/Frameworks",
					"$(inherited)",
				);
				GCC_PREPROCESSOR_DEFINITIONS = (
					"DEBUG=1",
					"$(inherited)",
				);
				INFOPLIST_FILE = CompositeValidationTests/Info.plist;
				LD_RUNPATH_SEARCH_PATHS = "$(inherited) @executable_path/Frameworks @loader_path/Frameworks";
				PRODUCT_NAME = "$(TARGET_NAME)";
				TEST_HOST = "$(BUILT_PRODUCTS_DIR)/CompositeValidation.app/CompositeValidation";
			};
			name = Debug;
		};
		150BC25D1B3CCE320069FAFE /* Release */ = {
			isa = XCBuildConfiguration;
			baseConfigurationReference = 635850C327DB8E1B1CF73FBA /* Pods.release.xcconfig */;
			buildSettings = {
				BUNDLE_LOADER = "$(TEST_HOST)";
				FRAMEWORK_SEARCH_PATHS = (
					"$(SDKROOT)/Developer/Library/Frameworks",
					"$(inherited)",
				);
				INFOPLIST_FILE = CompositeValidationTests/Info.plist;
				LD_RUNPATH_SEARCH_PATHS = "$(inherited) @executable_path/Frameworks @loader_path/Frameworks";
				PRODUCT_NAME = "$(TARGET_NAME)";
				TEST_HOST = "$(BUILT_PRODUCTS_DIR)/CompositeValidation.app/CompositeValidation";
			};
			name = Release;
		};
/* End XCBuildConfiguration section */

/* Begin XCConfigurationList section */
		150BC2341B3CCE320069FAFE /* Build configuration list for PBXProject "CompositeValidation" */ = {
			isa = XCConfigurationList;
			buildConfigurations = (
				150BC2561B3CCE320069FAFE /* Debug */,
				150BC2571B3CCE320069FAFE /* Release */,
			);
			defaultConfigurationIsVisible = 0;
			defaultConfigurationName = Release;
		};
		150BC2581B3CCE320069FAFE /* Build configuration list for PBXNativeTarget "CompositeValidation" */ = {
			isa = XCConfigurationList;
			buildConfigurations = (
				150BC2591B3CCE320069FAFE /* Debug */,
				150BC25A1B3CCE320069FAFE /* Release */,
			);
			defaultConfigurationIsVisible = 0;
			defaultConfigurationName = Release;
		};
		150BC25B1B3CCE320069FAFE /* Build configuration list for PBXNativeTarget "CompositeValidationTests" */ = {
			isa = XCConfigurationList;
			buildConfigurations = (
				150BC25C1B3CCE320069FAFE /* Debug */,
				150BC25D1B3CCE320069FAFE /* Release */,
			);
			defaultConfigurationIsVisible = 0;
			defaultConfigurationName = Release;
		};
/* End XCConfigurationList section */
	};
	rootObject = 150BC2311B3CCE320069FAFE /* Project object */;
}
